
Microsoft Visual Studio Solution File, Format Version 12.00
# Visual Studio Version 17
VisualStudioVersion = 17.5.002.0
MinimumVisualStudioVersion = 10.0.40219.1
Project("{9A19103F-16F7-4668-BE54-9A1E7A4F7556}") = "Travel and Tourism", "Travel and Tourism.csproj", "{03C54571-D7AE-4DC9-AA36-28072262A106}"
EndProject
Global
	GlobalSection(SolutionConfigurationPlatforms) = preSolution
		Debug|Any CPU = Debug|Any CPU
		Release|Any CPU = Release|Any CPU
	EndGlobalSection
	GlobalSection(ProjectConfigurationPlatforms) = postSolution
		{03C54571-D7AE-4DC9-AA36-28072262A106}.Debug|Any CPU.ActiveCfg = Debug|Any CPU
		{03C54571-D7AE-4DC9-AA36-28072262A106}.Debug|Any CPU.Build.0 = Debug|Any CPU
		{03C54571-D7AE-4DC9-AA36-28072262A106}.Release|Any CPU.ActiveCfg = Release|Any CPU
		{03C54571-D7AE-4DC9-AA36-28072262A106}.Release|Any CPU.Build.0 = Release|Any CPU
	EndGlobalSection
	GlobalSection(SolutionProperties) = preSolution
		HideSolutionNode = FALSE
	EndGlobalSection
	GlobalSection(ExtensibilityGlobals) = postSolution
		SolutionGuid = {A685BCFC-E861-4C83-9F02-1D97E3DBDE2D}
	EndGlobalSection
EndGlobal
